// !$*UTF8*$!
{
	archiveVersion = 1;
	classes = {
	};
	objectVersion = 50;
	objects = {

/* Begin PBXBuildFile section */
		591A54752572D4190098747E /* CrewAndGuestCollectionViewCell.swift in Sources */ = {isa = PBXBuildFile; fileRef = 591A54742572D4190098747E /* CrewAndGuestCollectionViewCell.swift */; };
		591DAB322374E9B800FF0F48 /* DetailMovieViewController.swift in Sources */ = {isa = PBXBuildFile; fileRef = 591DAB312374E9B800FF0F48 /* DetailMovieViewController.swift */; };
		591DAB342374E9D400FF0F48 /* DetailTVShowViewController.swift in Sources */ = {isa = PBXBuildFile; fileRef = 591DAB332374E9D400FF0F48 /* DetailTVShowViewController.swift */; };
		591DAB362378B47500FF0F48 /* MovieDetail.swift in Sources */ = {isa = PBXBuildFile; fileRef = 591DAB352378B47500FF0F48 /* MovieDetail.swift */; };
		591DAB382378B4A300FF0F48 /* TVShowDetail.swift in Sources */ = {isa = PBXBuildFile; fileRef = 591DAB372378B4A300FF0F48 /* TVShowDetail.swift */; };
		5924E504234A8695007A3D93 /* AppDelegate.swift in Sources */ = {isa = PBXBuildFile; fileRef = 5924E503234A8695007A3D93 /* AppDelegate.swift */; };
		5924E50D234A8697007A3D93 /* Assets.xcassets in Resources */ = {isa = PBXBuildFile; fileRef = 5924E50C234A8697007A3D93 /* Assets.xcassets */; };
		5924E510234A8697007A3D93 /* LaunchScreen.storyboard in Resources */ = {isa = PBXBuildFile; fileRef = 5924E50E234A8697007A3D93 /* LaunchScreen.storyboard */; };
		5924E520234A8E6B007A3D93 /* Movie.swift in Sources */ = {isa = PBXBuildFile; fileRef = 5924E51F234A8E6B007A3D93 /* Movie.swift */; };
		5928D14C2369013B00305383 /* NetworkManagerTest.swift in Sources */ = {isa = PBXBuildFile; fileRef = 5928D14B2369013B00305383 /* NetworkManagerTest.swift */; };
		592D526F257149A2009F148B /* EpisodeDetailViewModel.swift in Sources */ = {isa = PBXBuildFile; fileRef = 592D526E257149A2009F148B /* EpisodeDetailViewModel.swift */; };
		592D5273257150A5009F148B /* EpisodeDetailCoordinator.swift in Sources */ = {isa = PBXBuildFile; fileRef = 592D5272257150A5009F148B /* EpisodeDetailCoordinator.swift */; };
		592D52772571522E009F148B /* EpisodeDetailView.swift in Sources */ = {isa = PBXBuildFile; fileRef = 592D52762571522E009F148B /* EpisodeDetailView.swift */; };
		592D527B25715304009F148B /* EpisodeDetailViewController.swift in Sources */ = {isa = PBXBuildFile; fileRef = 592D527A25715304009F148B /* EpisodeDetailViewController.swift */; };
		59353C162566B5F100216F21 /* UIColorExtension.swift in Sources */ = {isa = PBXBuildFile; fileRef = 59353C152566B5F100216F21 /* UIColorExtension.swift */; };
		59353C1A2566B97D00216F21 /* ViewCodeComponent.swift in Sources */ = {isa = PBXBuildFile; fileRef = 59353C192566B97D00216F21 /* ViewCodeComponent.swift */; };
		59353C1E2566BE0000216F21 /* HasCodeView.swift in Sources */ = {isa = PBXBuildFile; fileRef = 59353C1D2566BE0000216F21 /* HasCodeView.swift */; };
		59353C222566BE6F00216F21 /* CodeView.swift in Sources */ = {isa = PBXBuildFile; fileRef = 59353C212566BE6F00216F21 /* CodeView.swift */; };
		59353C2A2566C3FD00216F21 /* SeasonDetailView.swift in Sources */ = {isa = PBXBuildFile; fileRef = 59353C292566C3FD00216F21 /* SeasonDetailView.swift */; };
		59353C2E25672E5000216F21 /* SeasonDetail.swift in Sources */ = {isa = PBXBuildFile; fileRef = 59353C2D25672E5000216F21 /* SeasonDetail.swift */; };
		59353C322567326D00216F21 /* Crew.swift in Sources */ = {isa = PBXBuildFile; fileRef = 59353C312567326D00216F21 /* Crew.swift */; };
		59353C36256732B400216F21 /* Cast.swift in Sources */ = {isa = PBXBuildFile; fileRef = 59353C35256732B400216F21 /* Cast.swift */; };
		5937CB79256DC5C000CA6AFA /* EpisodeTableViewCell.swift in Sources */ = {isa = PBXBuildFile; fileRef = 5937CB78256DC5C000CA6AFA /* EpisodeTableViewCell.swift */; };
		5937CB85256DFC4700CA6AFA /* EpisodeViewModel.swift in Sources */ = {isa = PBXBuildFile; fileRef = 5937CB84256DFC4700CA6AFA /* EpisodeViewModel.swift */; };
		594C1FCD25756347009FE746 /* PeopleCoordinator.swift in Sources */ = {isa = PBXBuildFile; fileRef = 594C1FCC25756347009FE746 /* PeopleCoordinator.swift */; };
		594C1FD1257564D2009FE746 /* PeopleView.swift in Sources */ = {isa = PBXBuildFile; fileRef = 594C1FD0257564D2009FE746 /* PeopleView.swift */; };
		594C1FD5257565BB009FE746 /* PeopleViewController.swift in Sources */ = {isa = PBXBuildFile; fileRef = 594C1FD4257565BB009FE746 /* PeopleViewController.swift */; };
		594C1FD925756709009FE746 /* PeopleViewModel.swift in Sources */ = {isa = PBXBuildFile; fileRef = 594C1FD825756709009FE746 /* PeopleViewModel.swift */; };
		594C1FDD257567DB009FE746 /* PeopleRepositoryProtocol.swift in Sources */ = {isa = PBXBuildFile; fileRef = 594C1FDC257567DB009FE746 /* PeopleRepositoryProtocol.swift */; };
		594C1FE125756857009FE746 /* PeopleRepository.swift in Sources */ = {isa = PBXBuildFile; fileRef = 594C1FE025756857009FE746 /* PeopleRepository.swift */; };
		594C1FE525759EB6009FE746 /* LoadingView.swift in Sources */ = {isa = PBXBuildFile; fileRef = 594C1FE425759EB6009FE746 /* LoadingView.swift */; };
		594C1FE92575A1B0009FE746 /* People.swift in Sources */ = {isa = PBXBuildFile; fileRef = 594C1FE82575A1B0009FE746 /* People.swift */; };
		594C1FF32579A8D2009FE746 /* FilmographyCollectionViewCell.swift in Sources */ = {isa = PBXBuildFile; fileRef = 594C1FF22579A8D2009FE746 /* FilmographyCollectionViewCell.swift */; };
		59898BE42571408500626104 /* ErrorAlertUtil.swift in Sources */ = {isa = PBXBuildFile; fileRef = 59898BE32571408500626104 /* ErrorAlertUtil.swift */; };
		598F9E2D25635CBF001308EF /* DetailTVShowViewModelTest.swift in Sources */ = {isa = PBXBuildFile; fileRef = 598F9E2C25635CBF001308EF /* DetailTVShowViewModelTest.swift */; };
		598F9E3525636AB3001308EF /* SeasonViewModelTest.swift in Sources */ = {isa = PBXBuildFile; fileRef = 598F9E3425636AB3001308EF /* SeasonViewModelTest.swift */; };
		599E10382371076700B08C09 /* TVShow.swift in Sources */ = {isa = PBXBuildFile; fileRef = 599E10372371076700B08C09 /* TVShow.swift */; };
		59A8BDB024F2C99600D3C85C /* TypeContent.swift in Sources */ = {isa = PBXBuildFile; fileRef = 59A8BDAF24F2C99600D3C85C /* TypeContent.swift */; };
		59A8BDB224F2CA4D00D3C85C /* FilterContent.swift in Sources */ = {isa = PBXBuildFile; fileRef = 59A8BDB124F2CA4D00D3C85C /* FilterContent.swift */; };
		59B02373236277DB007C7367 /* Constants.swift in Sources */ = {isa = PBXBuildFile; fileRef = 59B02372236277DB007C7367 /* Constants.swift */; };
		59B0238223628C31007C7367 /* MovieRepositoryProtocol.swift in Sources */ = {isa = PBXBuildFile; fileRef = 59B0238123628C31007C7367 /* MovieRepositoryProtocol.swift */; };
		59B0238423628C58007C7367 /* MovieRepository.swift in Sources */ = {isa = PBXBuildFile; fileRef = 59B0238323628C58007C7367 /* MovieRepository.swift */; };
		59B02388236291EB007C7367 /* TVShowRepositoryProtocol.swift in Sources */ = {isa = PBXBuildFile; fileRef = 59B02387236291EB007C7367 /* TVShowRepositoryProtocol.swift */; };
		59B0238A23629246007C7367 /* TVShowRepository.swift in Sources */ = {isa = PBXBuildFile; fileRef = 59B0238923629246007C7367 /* TVShowRepository.swift */; };
		59B0238F2363C678007C7367 /* NetworkManager.swift in Sources */ = {isa = PBXBuildFile; fileRef = 59B0238E2363C678007C7367 /* NetworkManager.swift */; };
		59B023932363D559007C7367 /* NetworkError.swift in Sources */ = {isa = PBXBuildFile; fileRef = 59B023922363D559007C7367 /* NetworkError.swift */; };
		59B023992363E6CE007C7367 /* FakeMovieNetworkManager.swift in Sources */ = {isa = PBXBuildFile; fileRef = 59B023982363E6CE007C7367 /* FakeMovieNetworkManager.swift */; };
		59B0239B2363EBF2007C7367 /* MovieRepositoryTest.swift in Sources */ = {isa = PBXBuildFile; fileRef = 59B0239A2363EBF2007C7367 /* MovieRepositoryTest.swift */; };
		59B023A12368F21B007C7367 /* ResponseList.swift in Sources */ = {isa = PBXBuildFile; fileRef = 59B023A02368F21B007C7367 /* ResponseList.swift */; };
		59BE12A5236BA26300E27427 /* SearchViewController.swift in Sources */ = {isa = PBXBuildFile; fileRef = 59BE12A4236BA26300E27427 /* SearchViewController.swift */; };
		59BE12A8236BA93B00E27427 /* ListingTableViewController.swift in Sources */ = {isa = PBXBuildFile; fileRef = 59BE12A7236BA93B00E27427 /* ListingTableViewController.swift */; };
		59BE12AA236CDE1500E27427 /* MediaTableViewCell.swift in Sources */ = {isa = PBXBuildFile; fileRef = 59BE12A9236CDE1500E27427 /* MediaTableViewCell.swift */; };
		59D30C26236B93D7002D3A41 /* ImageService.swift in Sources */ = {isa = PBXBuildFile; fileRef = 59D30C25236B93D7002D3A41 /* ImageService.swift */; };
		59D30C28236B97A5002D3A41 /* BaseRepository.swift in Sources */ = {isa = PBXBuildFile; fileRef = 59D30C27236B97A5002D3A41 /* BaseRepository.swift */; };
		C326FBAD253E4F9F0052AF7E /* CreditViewModel.swift in Sources */ = {isa = PBXBuildFile; fileRef = C326FBAC253E4F9F0052AF7E /* CreditViewModel.swift */; };
		C326FBB1253E54360052AF7E /* SimilarMovieViewModel.swift in Sources */ = {isa = PBXBuildFile; fileRef = C326FBB0253E54360052AF7E /* SimilarMovieViewModel.swift */; };
		C326FBB7253E61FD0052AF7E /* SeasonViewModel.swift in Sources */ = {isa = PBXBuildFile; fileRef = C326FBB6253E61FD0052AF7E /* SeasonViewModel.swift */; };
		C326FBBF253F9EA60052AF7E /* Profile.storyboard in Resources */ = {isa = PBXBuildFile; fileRef = C326FBBE253F9EA60052AF7E /* Profile.storyboard */; };
		C326FBC5253F9EF70052AF7E /* Search.storyboard in Resources */ = {isa = PBXBuildFile; fileRef = C326FBC4253F9EF70052AF7E /* Search.storyboard */; };
		C326FBCD253FA00D0052AF7E /* DetailTVShow.storyboard in Resources */ = {isa = PBXBuildFile; fileRef = C326FBCC253FA00D0052AF7E /* DetailTVShow.storyboard */; };
		C326FBD1253FA0410052AF7E /* DetailMovie.storyboard in Resources */ = {isa = PBXBuildFile; fileRef = C326FBD0253FA0410052AF7E /* DetailMovie.storyboard */; };
		C326FBDB253FAC0C0052AF7E /* Listing.storyboard in Resources */ = {isa = PBXBuildFile; fileRef = C326FBDA253FAC0C0052AF7E /* Listing.storyboard */; };
		C326FBE1253FB0970052AF7E /* Coordinator.swift in Sources */ = {isa = PBXBuildFile; fileRef = C326FBE0253FB0970052AF7E /* Coordinator.swift */; };
		C326FBE5253FB3A30052AF7E /* ProfileViewController.swift in Sources */ = {isa = PBXBuildFile; fileRef = C326FBE4253FB3A30052AF7E /* ProfileViewController.swift */; };
		C326FBE9253FB3B50052AF7E /* ProfieViewModel.swift in Sources */ = {isa = PBXBuildFile; fileRef = C326FBE8253FB3B50052AF7E /* ProfieViewModel.swift */; };
		C326FBED253FB3D60052AF7E /* SearchViewModel.swift in Sources */ = {isa = PBXBuildFile; fileRef = C326FBEC253FB3D60052AF7E /* SearchViewModel.swift */; };
		C327BD9A252A657F0076000D /* SeasonTableViewCell.swift in Sources */ = {isa = PBXBuildFile; fileRef = C327BD99252A657F0076000D /* SeasonTableViewCell.swift */; };
		C327BD9E252A6A250076000D /* TVShowDetailExtensions.swift in Sources */ = {isa = PBXBuildFile; fileRef = C327BD9D252A6A250076000D /* TVShowDetailExtensions.swift */; };
		C330FF31253FB86100DED1B0 /* UIStoryboardExtension.swift in Sources */ = {isa = PBXBuildFile; fileRef = C330FF30253FB86100DED1B0 /* UIStoryboardExtension.swift */; };
		C330FF35253FB9E700DED1B0 /* UIViewControllerExtension.swift in Sources */ = {isa = PBXBuildFile; fileRef = C330FF34253FB9E700DED1B0 /* UIViewControllerExtension.swift */; };
		C330FF41253FC16F00DED1B0 /* AppCoordinator.swift in Sources */ = {isa = PBXBuildFile; fileRef = C330FF40253FC16F00DED1B0 /* AppCoordinator.swift */; };
		C330FF45253FC5DD00DED1B0 /* ProfileCoordinator.swift in Sources */ = {isa = PBXBuildFile; fileRef = C330FF44253FC5DD00DED1B0 /* ProfileCoordinator.swift */; };
		C330FF4B253FC5FC00DED1B0 /* SearchCoordinator.swift in Sources */ = {isa = PBXBuildFile; fileRef = C330FF4A253FC5FC00DED1B0 /* SearchCoordinator.swift */; };
		C330FF4F253FC61D00DED1B0 /* DetailMovieCoordinator.swift in Sources */ = {isa = PBXBuildFile; fileRef = C330FF4E253FC61D00DED1B0 /* DetailMovieCoordinator.swift */; };
		C330FF53253FC63900DED1B0 /* DetailTVShowCoordinator.swift in Sources */ = {isa = PBXBuildFile; fileRef = C330FF52253FC63900DED1B0 /* DetailTVShowCoordinator.swift */; };
		C330FF57253FC65800DED1B0 /* ListingCoordinator.swift in Sources */ = {isa = PBXBuildFile; fileRef = C330FF56253FC65800DED1B0 /* ListingCoordinator.swift */; };
		C330FF63253FE31600DED1B0 /* HomeTabBar.swift in Sources */ = {isa = PBXBuildFile; fileRef = C330FF62253FE31600DED1B0 /* HomeTabBar.swift */; };
		C34ACF352545E79200A5691F /* MovieList.json in Resources */ = {isa = PBXBuildFile; fileRef = C34ACF342545E79200A5691F /* MovieList.json */; };
		C34ACF3B2545FF9500A5691F /* TVShowRepositoryTest.swift in Sources */ = {isa = PBXBuildFile; fileRef = C34ACF3A2545FF9500A5691F /* TVShowRepositoryTest.swift */; };
		C34ACF3F2546005400A5691F /* FakeTVShowNetworkManager.swift in Sources */ = {isa = PBXBuildFile; fileRef = C34ACF3E2546005400A5691F /* FakeTVShowNetworkManager.swift */; };
		C34ACF4725460B4A00A5691F /* ListingViewModelTest.swift in Sources */ = {isa = PBXBuildFile; fileRef = C34ACF4625460B4A00A5691F /* ListingViewModelTest.swift */; };
		C36729F72534F5940061BEDE /* SeasonDetailViewController.swift in Sources */ = {isa = PBXBuildFile; fileRef = C36729F62534F5940061BEDE /* SeasonDetailViewController.swift */; };
		C373CA7225215F3900208E4C /* MovieDetailExtensions.swift in Sources */ = {isa = PBXBuildFile; fileRef = C373CA7125215F3900208E4C /* MovieDetailExtensions.swift */; };
		C37459EF2548F2B200FB853C /* DetailMovieViewControllerTest.swift in Sources */ = {isa = PBXBuildFile; fileRef = C37459EE2548F2B200FB853C /* DetailMovieViewControllerTest.swift */; };
		C397C9412527E98F00D518DE /* SimilarMovieCollectionViewCell.swift in Sources */ = {isa = PBXBuildFile; fileRef = C397C9402527E98F00D518DE /* SimilarMovieCollectionViewCell.swift */; };
		C3A173A5253FE93E00C6AF85 /* FilterTabBar.swift in Sources */ = {isa = PBXBuildFile; fileRef = C3A173A4253FE93E00C6AF85 /* FilterTabBar.swift */; };
		C3A173AD253FF1B900C6AF85 /* SeasonDetailCoordinator.swift in Sources */ = {isa = PBXBuildFile; fileRef = C3A173AC253FF1B900C6AF85 /* SeasonDetailCoordinator.swift */; };
		C3A173B1253FF1DE00C6AF85 /* SeasonDetailViewModel.swift in Sources */ = {isa = PBXBuildFile; fileRef = C3A173B0253FF1DE00C6AF85 /* SeasonDetailViewModel.swift */; };
		C3B01FDD253B88A60026BAF7 /* ListingViewModel.swift in Sources */ = {isa = PBXBuildFile; fileRef = C3B01FDC253B88A60026BAF7 /* ListingViewModel.swift */; };
		C3BE3DD125478C96007B823E /* ListingTableViewControllerTest.swift in Sources */ = {isa = PBXBuildFile; fileRef = C3BE3DD025478C96007B823E /* ListingTableViewControllerTest.swift */; };
		C3BE3DE72547A24C007B823E /* FakeMovieRepository.swift in Sources */ = {isa = PBXBuildFile; fileRef = C34ACF4C25460F1500A5691F /* FakeMovieRepository.swift */; };
		C3BE3DF72547B267007B823E /* MediaViewModelTest.swift in Sources */ = {isa = PBXBuildFile; fileRef = C3BE3DF62547B267007B823E /* MediaViewModelTest.swift */; };
		C3BE3DFB2547B304007B823E /* FakeTVShowRepository.swift in Sources */ = {isa = PBXBuildFile; fileRef = C3BE3DFA2547B304007B823E /* FakeTVShowRepository.swift */; };
		C3BE3E0D2548E23A007B823E /* DetailMovieViewModelTest.swift in Sources */ = {isa = PBXBuildFile; fileRef = C3BE3E0C2548E23A007B823E /* DetailMovieViewModelTest.swift */; };
		C3BE3E132548EAD7007B823E /* CreditViewModelTest.swift in Sources */ = {isa = PBXBuildFile; fileRef = C3BE3E122548EAD7007B823E /* CreditViewModelTest.swift */; };
		C3BE3E172548F03B007B823E /* SimilarMovieViewModelTest.swift in Sources */ = {isa = PBXBuildFile; fileRef = C3BE3E162548F03B007B823E /* SimilarMovieViewModelTest.swift */; };
		C3DF7FB92526BBB500D3C919 /* CircleImageView.swift in Sources */ = {isa = PBXBuildFile; fileRef = C3DF7FB82526BBB500D3C919 /* CircleImageView.swift */; };
		C3E76C1D253BD264000BA0DA /* DetailMovieViewModel.swift in Sources */ = {isa = PBXBuildFile; fileRef = C3E76C1C253BD264000BA0DA /* DetailMovieViewModel.swift */; };
		C3E76C21253BD2C8000BA0DA /* DetailTVShowViewModel.swift in Sources */ = {isa = PBXBuildFile; fileRef = C3E76C20253BD2C8000BA0DA /* DetailTVShowViewModel.swift */; };
		C3E76C27253BD567000BA0DA /* MediaViewModel.swift in Sources */ = {isa = PBXBuildFile; fileRef = C3E76C26253BD567000BA0DA /* MediaViewModel.swift */; };
		C3FBBAC5252299990039FD12 /* Credit.swift in Sources */ = {isa = PBXBuildFile; fileRef = C3FBBAC4252299990039FD12 /* Credit.swift */; };
		C3FBBAC925229BC30039FD12 /* CreditCollectionViewCell.swift in Sources */ = {isa = PBXBuildFile; fileRef = C3FBBAC825229BC30039FD12 /* CreditCollectionViewCell.swift */; };
/* End PBXBuildFile section */

/* Begin PBXContainerItemProxy section */
		59B0236D23627737007C7367 /* PBXContainerItemProxy */ = {
			isa = PBXContainerItemProxy;
			containerPortal = 5924E4F8234A8695007A3D93 /* Project object */;
			proxyType = 1;
			remoteGlobalIDString = 5924E4FF234A8695007A3D93;
			remoteInfo = PopCorn;
		};
/* End PBXContainerItemProxy section */

/* Begin PBXFileReference section */
		591A54742572D4190098747E /* CrewAndGuestCollectionViewCell.swift */ = {isa = PBXFileReference; lastKnownFileType = sourcecode.swift; path = CrewAndGuestCollectionViewCell.swift; sourceTree = "<group>"; };
		591DAB312374E9B800FF0F48 /* DetailMovieViewController.swift */ = {isa = PBXFileReference; lastKnownFileType = sourcecode.swift; path = DetailMovieViewController.swift; sourceTree = "<group>"; };
		591DAB332374E9D400FF0F48 /* DetailTVShowViewController.swift */ = {isa = PBXFileReference; lastKnownFileType = sourcecode.swift; path = DetailTVShowViewController.swift; sourceTree = "<group>"; };
		591DAB352378B47500FF0F48 /* MovieDetail.swift */ = {isa = PBXFileReference; lastKnownFileType = sourcecode.swift; path = MovieDetail.swift; sourceTree = "<group>"; };
		591DAB372378B4A300FF0F48 /* TVShowDetail.swift */ = {isa = PBXFileReference; lastKnownFileType = sourcecode.swift; path = TVShowDetail.swift; sourceTree = "<group>"; };
		5924E500234A8695007A3D93 /* PopCorn.app */ = {isa = PBXFileReference; explicitFileType = wrapper.application; includeInIndex = 0; path = PopCorn.app; sourceTree = BUILT_PRODUCTS_DIR; };
		5924E503234A8695007A3D93 /* AppDelegate.swift */ = {isa = PBXFileReference; lastKnownFileType = sourcecode.swift; path = AppDelegate.swift; sourceTree = "<group>"; };
		5924E50C234A8697007A3D93 /* Assets.xcassets */ = {isa = PBXFileReference; lastKnownFileType = folder.assetcatalog; path = Assets.xcassets; sourceTree = "<group>"; };
		5924E50F234A8697007A3D93 /* Base */ = {isa = PBXFileReference; lastKnownFileType = file.storyboard; name = Base; path = Base.lproj/LaunchScreen.storyboard; sourceTree = "<group>"; };
		5924E511234A8697007A3D93 /* Info.plist */ = {isa = PBXFileReference; lastKnownFileType = text.plist.xml; path = Info.plist; sourceTree = "<group>"; };
		5924E51F234A8E6B007A3D93 /* Movie.swift */ = {isa = PBXFileReference; lastKnownFileType = sourcecode.swift; path = Movie.swift; sourceTree = "<group>"; };
		5928D14B2369013B00305383 /* NetworkManagerTest.swift */ = {isa = PBXFileReference; lastKnownFileType = sourcecode.swift; path = NetworkManagerTest.swift; sourceTree = "<group>"; };
		592D526E257149A2009F148B /* EpisodeDetailViewModel.swift */ = {isa = PBXFileReference; lastKnownFileType = sourcecode.swift; path = EpisodeDetailViewModel.swift; sourceTree = "<group>"; };
		592D5272257150A5009F148B /* EpisodeDetailCoordinator.swift */ = {isa = PBXFileReference; lastKnownFileType = sourcecode.swift; path = EpisodeDetailCoordinator.swift; sourceTree = "<group>"; };
		592D52762571522E009F148B /* EpisodeDetailView.swift */ = {isa = PBXFileReference; lastKnownFileType = sourcecode.swift; path = EpisodeDetailView.swift; sourceTree = "<group>"; };
		592D527A25715304009F148B /* EpisodeDetailViewController.swift */ = {isa = PBXFileReference; lastKnownFileType = sourcecode.swift; path = EpisodeDetailViewController.swift; sourceTree = "<group>"; };
		59353C152566B5F100216F21 /* UIColorExtension.swift */ = {isa = PBXFileReference; lastKnownFileType = sourcecode.swift; path = UIColorExtension.swift; sourceTree = "<group>"; };
		59353C192566B97D00216F21 /* ViewCodeComponent.swift */ = {isa = PBXFileReference; lastKnownFileType = sourcecode.swift; path = ViewCodeComponent.swift; sourceTree = "<group>"; };
		59353C1D2566BE0000216F21 /* HasCodeView.swift */ = {isa = PBXFileReference; lastKnownFileType = sourcecode.swift; path = HasCodeView.swift; sourceTree = "<group>"; };
		59353C212566BE6F00216F21 /* CodeView.swift */ = {isa = PBXFileReference; lastKnownFileType = sourcecode.swift; path = CodeView.swift; sourceTree = "<group>"; };
		59353C292566C3FD00216F21 /* SeasonDetailView.swift */ = {isa = PBXFileReference; lastKnownFileType = sourcecode.swift; path = SeasonDetailView.swift; sourceTree = "<group>"; };
		59353C2D25672E5000216F21 /* SeasonDetail.swift */ = {isa = PBXFileReference; lastKnownFileType = sourcecode.swift; path = SeasonDetail.swift; sourceTree = "<group>"; };
		59353C312567326D00216F21 /* Crew.swift */ = {isa = PBXFileReference; lastKnownFileType = sourcecode.swift; path = Crew.swift; sourceTree = "<group>"; };
		59353C35256732B400216F21 /* Cast.swift */ = {isa = PBXFileReference; lastKnownFileType = sourcecode.swift; path = Cast.swift; sourceTree = "<group>"; };
		5937CB78256DC5C000CA6AFA /* EpisodeTableViewCell.swift */ = {isa = PBXFileReference; lastKnownFileType = sourcecode.swift; path = EpisodeTableViewCell.swift; sourceTree = "<group>"; };
		5937CB84256DFC4700CA6AFA /* EpisodeViewModel.swift */ = {isa = PBXFileReference; lastKnownFileType = sourcecode.swift; path = EpisodeViewModel.swift; sourceTree = "<group>"; };
		594C1FCC25756347009FE746 /* PeopleCoordinator.swift */ = {isa = PBXFileReference; lastKnownFileType = sourcecode.swift; path = PeopleCoordinator.swift; sourceTree = "<group>"; };
		594C1FD0257564D2009FE746 /* PeopleView.swift */ = {isa = PBXFileReference; lastKnownFileType = sourcecode.swift; path = PeopleView.swift; sourceTree = "<group>"; };
		594C1FD4257565BB009FE746 /* PeopleViewController.swift */ = {isa = PBXFileReference; lastKnownFileType = sourcecode.swift; path = PeopleViewController.swift; sourceTree = "<group>"; };
		594C1FD825756709009FE746 /* PeopleViewModel.swift */ = {isa = PBXFileReference; lastKnownFileType = sourcecode.swift; path = PeopleViewModel.swift; sourceTree = "<group>"; };
		594C1FDC257567DB009FE746 /* PeopleRepositoryProtocol.swift */ = {isa = PBXFileReference; lastKnownFileType = sourcecode.swift; path = PeopleRepositoryProtocol.swift; sourceTree = "<group>"; };
		594C1FE025756857009FE746 /* PeopleRepository.swift */ = {isa = PBXFileReference; lastKnownFileType = sourcecode.swift; path = PeopleRepository.swift; sourceTree = "<group>"; };
		594C1FE425759EB6009FE746 /* LoadingView.swift */ = {isa = PBXFileReference; lastKnownFileType = sourcecode.swift; path = LoadingView.swift; sourceTree = "<group>"; };
		594C1FE82575A1B0009FE746 /* People.swift */ = {isa = PBXFileReference; lastKnownFileType = sourcecode.swift; path = People.swift; sourceTree = "<group>"; };
		594C1FF22579A8D2009FE746 /* FilmographyCollectionViewCell.swift */ = {isa = PBXFileReference; lastKnownFileType = sourcecode.swift; path = FilmographyCollectionViewCell.swift; sourceTree = "<group>"; };
		59898BE32571408500626104 /* ErrorAlertUtil.swift */ = {isa = PBXFileReference; lastKnownFileType = sourcecode.swift; path = ErrorAlertUtil.swift; sourceTree = "<group>"; };
		598F9E2C25635CBF001308EF /* DetailTVShowViewModelTest.swift */ = {isa = PBXFileReference; lastKnownFileType = sourcecode.swift; path = DetailTVShowViewModelTest.swift; sourceTree = "<group>"; };
		598F9E3425636AB3001308EF /* SeasonViewModelTest.swift */ = {isa = PBXFileReference; lastKnownFileType = sourcecode.swift; path = SeasonViewModelTest.swift; sourceTree = "<group>"; };
		599E10372371076700B08C09 /* TVShow.swift */ = {isa = PBXFileReference; lastKnownFileType = sourcecode.swift; path = TVShow.swift; sourceTree = "<group>"; };
		59A8BDAF24F2C99600D3C85C /* TypeContent.swift */ = {isa = PBXFileReference; lastKnownFileType = sourcecode.swift; path = TypeContent.swift; sourceTree = "<group>"; };
		59A8BDB124F2CA4D00D3C85C /* FilterContent.swift */ = {isa = PBXFileReference; lastKnownFileType = sourcecode.swift; path = FilterContent.swift; sourceTree = "<group>"; };
		59B0236823627737007C7367 /* PopCornTests.xctest */ = {isa = PBXFileReference; explicitFileType = wrapper.cfbundle; includeInIndex = 0; path = PopCornTests.xctest; sourceTree = BUILT_PRODUCTS_DIR; };
		59B0236C23627737007C7367 /* Info.plist */ = {isa = PBXFileReference; lastKnownFileType = text.plist.xml; path = Info.plist; sourceTree = "<group>"; };
		59B02372236277DB007C7367 /* Constants.swift */ = {isa = PBXFileReference; lastKnownFileType = sourcecode.swift; path = Constants.swift; sourceTree = "<group>"; };
		59B0238123628C31007C7367 /* MovieRepositoryProtocol.swift */ = {isa = PBXFileReference; lastKnownFileType = sourcecode.swift; path = MovieRepositoryProtocol.swift; sourceTree = "<group>"; };
		59B0238323628C58007C7367 /* MovieRepository.swift */ = {isa = PBXFileReference; lastKnownFileType = sourcecode.swift; path = MovieRepository.swift; sourceTree = "<group>"; };
		59B02387236291EB007C7367 /* TVShowRepositoryProtocol.swift */ = {isa = PBXFileReference; lastKnownFileType = sourcecode.swift; path = TVShowRepositoryProtocol.swift; sourceTree = "<group>"; };
		59B0238923629246007C7367 /* TVShowRepository.swift */ = {isa = PBXFileReference; lastKnownFileType = sourcecode.swift; path = TVShowRepository.swift; sourceTree = "<group>"; };
		59B0238E2363C678007C7367 /* NetworkManager.swift */ = {isa = PBXFileReference; lastKnownFileType = sourcecode.swift; path = NetworkManager.swift; sourceTree = "<group>"; };
		59B023922363D559007C7367 /* NetworkError.swift */ = {isa = PBXFileReference; lastKnownFileType = sourcecode.swift; path = NetworkError.swift; sourceTree = "<group>"; };
		59B023982363E6CE007C7367 /* FakeMovieNetworkManager.swift */ = {isa = PBXFileReference; lastKnownFileType = sourcecode.swift; path = FakeMovieNetworkManager.swift; sourceTree = "<group>"; };
		59B0239A2363EBF2007C7367 /* MovieRepositoryTest.swift */ = {isa = PBXFileReference; lastKnownFileType = sourcecode.swift; path = MovieRepositoryTest.swift; sourceTree = "<group>"; };
		59B023A02368F21B007C7367 /* ResponseList.swift */ = {isa = PBXFileReference; lastKnownFileType = sourcecode.swift; path = ResponseList.swift; sourceTree = "<group>"; };
		59BE12A4236BA26300E27427 /* SearchViewController.swift */ = {isa = PBXFileReference; lastKnownFileType = sourcecode.swift; path = SearchViewController.swift; sourceTree = "<group>"; };
		59BE12A7236BA93B00E27427 /* ListingTableViewController.swift */ = {isa = PBXFileReference; lastKnownFileType = sourcecode.swift; path = ListingTableViewController.swift; sourceTree = "<group>"; };
		59BE12A9236CDE1500E27427 /* MediaTableViewCell.swift */ = {isa = PBXFileReference; lastKnownFileType = sourcecode.swift; path = MediaTableViewCell.swift; sourceTree = "<group>"; };
		59D30C25236B93D7002D3A41 /* ImageService.swift */ = {isa = PBXFileReference; lastKnownFileType = sourcecode.swift; path = ImageService.swift; sourceTree = "<group>"; };
		59D30C27236B97A5002D3A41 /* BaseRepository.swift */ = {isa = PBXFileReference; lastKnownFileType = sourcecode.swift; path = BaseRepository.swift; sourceTree = "<group>"; };
		C326FBAC253E4F9F0052AF7E /* CreditViewModel.swift */ = {isa = PBXFileReference; lastKnownFileType = sourcecode.swift; path = CreditViewModel.swift; sourceTree = "<group>"; };
		C326FBB0253E54360052AF7E /* SimilarMovieViewModel.swift */ = {isa = PBXFileReference; lastKnownFileType = sourcecode.swift; path = SimilarMovieViewModel.swift; sourceTree = "<group>"; };
		C326FBB6253E61FD0052AF7E /* SeasonViewModel.swift */ = {isa = PBXFileReference; lastKnownFileType = sourcecode.swift; path = SeasonViewModel.swift; sourceTree = "<group>"; };
		C326FBBE253F9EA60052AF7E /* Profile.storyboard */ = {isa = PBXFileReference; fileEncoding = 4; lastKnownFileType = file.storyboard; path = Profile.storyboard; sourceTree = "<group>"; };
		C326FBC4253F9EF70052AF7E /* Search.storyboard */ = {isa = PBXFileReference; fileEncoding = 4; lastKnownFileType = file.storyboard; path = Search.storyboard; sourceTree = "<group>"; };
		C326FBCC253FA00D0052AF7E /* DetailTVShow.storyboard */ = {isa = PBXFileReference; fileEncoding = 4; lastKnownFileType = file.storyboard; path = DetailTVShow.storyboard; sourceTree = "<group>"; };
		C326FBD0253FA0410052AF7E /* DetailMovie.storyboard */ = {isa = PBXFileReference; fileEncoding = 4; lastKnownFileType = file.storyboard; path = DetailMovie.storyboard; sourceTree = "<group>"; };
		C326FBDA253FAC0C0052AF7E /* Listing.storyboard */ = {isa = PBXFileReference; fileEncoding = 4; lastKnownFileType = file.storyboard; path = Listing.storyboard; sourceTree = "<group>"; };
		C326FBE0253FB0970052AF7E /* Coordinator.swift */ = {isa = PBXFileReference; lastKnownFileType = sourcecode.swift; path = Coordinator.swift; sourceTree = "<group>"; };
		C326FBE4253FB3A30052AF7E /* ProfileViewController.swift */ = {isa = PBXFileReference; lastKnownFileType = sourcecode.swift; path = ProfileViewController.swift; sourceTree = "<group>"; };
		C326FBE8253FB3B50052AF7E /* ProfieViewModel.swift */ = {isa = PBXFileReference; lastKnownFileType = sourcecode.swift; path = ProfieViewModel.swift; sourceTree = "<group>"; };
		C326FBEC253FB3D60052AF7E /* SearchViewModel.swift */ = {isa = PBXFileReference; lastKnownFileType = sourcecode.swift; path = SearchViewModel.swift; sourceTree = "<group>"; };
		C327BD99252A657F0076000D /* SeasonTableViewCell.swift */ = {isa = PBXFileReference; lastKnownFileType = sourcecode.swift; path = SeasonTableViewCell.swift; sourceTree = "<group>"; };
		C327BD9D252A6A250076000D /* TVShowDetailExtensions.swift */ = {isa = PBXFileReference; lastKnownFileType = sourcecode.swift; path = TVShowDetailExtensions.swift; sourceTree = "<group>"; };
		C330FF30253FB86100DED1B0 /* UIStoryboardExtension.swift */ = {isa = PBXFileReference; lastKnownFileType = sourcecode.swift; path = UIStoryboardExtension.swift; sourceTree = "<group>"; };
		C330FF34253FB9E700DED1B0 /* UIViewControllerExtension.swift */ = {isa = PBXFileReference; lastKnownFileType = sourcecode.swift; path = UIViewControllerExtension.swift; sourceTree = "<group>"; };
		C330FF40253FC16F00DED1B0 /* AppCoordinator.swift */ = {isa = PBXFileReference; lastKnownFileType = sourcecode.swift; path = AppCoordinator.swift; sourceTree = "<group>"; };
		C330FF44253FC5DD00DED1B0 /* ProfileCoordinator.swift */ = {isa = PBXFileReference; lastKnownFileType = sourcecode.swift; path = ProfileCoordinator.swift; sourceTree = "<group>"; };
		C330FF4A253FC5FC00DED1B0 /* SearchCoordinator.swift */ = {isa = PBXFileReference; lastKnownFileType = sourcecode.swift; path = SearchCoordinator.swift; sourceTree = "<group>"; };
		C330FF4E253FC61D00DED1B0 /* DetailMovieCoordinator.swift */ = {isa = PBXFileReference; lastKnownFileType = sourcecode.swift; path = DetailMovieCoordinator.swift; sourceTree = "<group>"; };
		C330FF52253FC63900DED1B0 /* DetailTVShowCoordinator.swift */ = {isa = PBXFileReference; lastKnownFileType = sourcecode.swift; path = DetailTVShowCoordinator.swift; sourceTree = "<group>"; };
		C330FF56253FC65800DED1B0 /* ListingCoordinator.swift */ = {isa = PBXFileReference; lastKnownFileType = sourcecode.swift; path = ListingCoordinator.swift; sourceTree = "<group>"; };
		C330FF62253FE31600DED1B0 /* HomeTabBar.swift */ = {isa = PBXFileReference; lastKnownFileType = sourcecode.swift; path = HomeTabBar.swift; sourceTree = "<group>"; };
		C34ACF342545E79200A5691F /* MovieList.json */ = {isa = PBXFileReference; lastKnownFileType = text.json; path = MovieList.json; sourceTree = "<group>"; };
		C34ACF3A2545FF9500A5691F /* TVShowRepositoryTest.swift */ = {isa = PBXFileReference; lastKnownFileType = sourcecode.swift; path = TVShowRepositoryTest.swift; sourceTree = "<group>"; };
		C34ACF3E2546005400A5691F /* FakeTVShowNetworkManager.swift */ = {isa = PBXFileReference; lastKnownFileType = sourcecode.swift; path = FakeTVShowNetworkManager.swift; sourceTree = "<group>"; };
		C34ACF4625460B4A00A5691F /* ListingViewModelTest.swift */ = {isa = PBXFileReference; lastKnownFileType = sourcecode.swift; path = ListingViewModelTest.swift; sourceTree = "<group>"; };
		C34ACF4C25460F1500A5691F /* FakeMovieRepository.swift */ = {isa = PBXFileReference; lastKnownFileType = sourcecode.swift; path = FakeMovieRepository.swift; sourceTree = "<group>"; };
		C36729F62534F5940061BEDE /* SeasonDetailViewController.swift */ = {isa = PBXFileReference; lastKnownFileType = sourcecode.swift; path = SeasonDetailViewController.swift; sourceTree = "<group>"; };
		C373CA7125215F3900208E4C /* MovieDetailExtensions.swift */ = {isa = PBXFileReference; lastKnownFileType = sourcecode.swift; path = MovieDetailExtensions.swift; sourceTree = "<group>"; };
		C37459EE2548F2B200FB853C /* DetailMovieViewControllerTest.swift */ = {isa = PBXFileReference; lastKnownFileType = sourcecode.swift; path = DetailMovieViewControllerTest.swift; sourceTree = "<group>"; };
		C397C9402527E98F00D518DE /* SimilarMovieCollectionViewCell.swift */ = {isa = PBXFileReference; lastKnownFileType = sourcecode.swift; path = SimilarMovieCollectionViewCell.swift; sourceTree = "<group>"; };
		C3A173A4253FE93E00C6AF85 /* FilterTabBar.swift */ = {isa = PBXFileReference; lastKnownFileType = sourcecode.swift; path = FilterTabBar.swift; sourceTree = "<group>"; };
		C3A173AC253FF1B900C6AF85 /* SeasonDetailCoordinator.swift */ = {isa = PBXFileReference; lastKnownFileType = sourcecode.swift; path = SeasonDetailCoordinator.swift; sourceTree = "<group>"; };
		C3A173B0253FF1DE00C6AF85 /* SeasonDetailViewModel.swift */ = {isa = PBXFileReference; lastKnownFileType = sourcecode.swift; path = SeasonDetailViewModel.swift; sourceTree = "<group>"; };
		C3B01FDC253B88A60026BAF7 /* ListingViewModel.swift */ = {isa = PBXFileReference; lastKnownFileType = sourcecode.swift; path = ListingViewModel.swift; sourceTree = "<group>"; };
		C3BE3DD025478C96007B823E /* ListingTableViewControllerTest.swift */ = {isa = PBXFileReference; lastKnownFileType = sourcecode.swift; path = ListingTableViewControllerTest.swift; sourceTree = "<group>"; };
		C3BE3DF62547B267007B823E /* MediaViewModelTest.swift */ = {isa = PBXFileReference; lastKnownFileType = sourcecode.swift; path = MediaViewModelTest.swift; sourceTree = "<group>"; };
		C3BE3DFA2547B304007B823E /* FakeTVShowRepository.swift */ = {isa = PBXFileReference; lastKnownFileType = sourcecode.swift; path = FakeTVShowRepository.swift; sourceTree = "<group>"; };
		C3BE3E0C2548E23A007B823E /* DetailMovieViewModelTest.swift */ = {isa = PBXFileReference; lastKnownFileType = sourcecode.swift; path = DetailMovieViewModelTest.swift; sourceTree = "<group>"; };
		C3BE3E122548EAD7007B823E /* CreditViewModelTest.swift */ = {isa = PBXFileReference; lastKnownFileType = sourcecode.swift; path = CreditViewModelTest.swift; sourceTree = "<group>"; };
		C3BE3E162548F03B007B823E /* SimilarMovieViewModelTest.swift */ = {isa = PBXFileReference; lastKnownFileType = sourcecode.swift; path = SimilarMovieViewModelTest.swift; sourceTree = "<group>"; };
		C3DF7FB82526BBB500D3C919 /* CircleImageView.swift */ = {isa = PBXFileReference; lastKnownFileType = sourcecode.swift; path = CircleImageView.swift; sourceTree = "<group>"; };
		C3E76C1C253BD264000BA0DA /* DetailMovieViewModel.swift */ = {isa = PBXFileReference; lastKnownFileType = sourcecode.swift; path = DetailMovieViewModel.swift; sourceTree = "<group>"; };
		C3E76C20253BD2C8000BA0DA /* DetailTVShowViewModel.swift */ = {isa = PBXFileReference; lastKnownFileType = sourcecode.swift; path = DetailTVShowViewModel.swift; sourceTree = "<group>"; };
		C3E76C26253BD567000BA0DA /* MediaViewModel.swift */ = {isa = PBXFileReference; lastKnownFileType = sourcecode.swift; path = MediaViewModel.swift; sourceTree = "<group>"; };
		C3FBBAC4252299990039FD12 /* Credit.swift */ = {isa = PBXFileReference; lastKnownFileType = sourcecode.swift; path = Credit.swift; sourceTree = "<group>"; };
		C3FBBAC825229BC30039FD12 /* CreditCollectionViewCell.swift */ = {isa = PBXFileReference; lastKnownFileType = sourcecode.swift; path = CreditCollectionViewCell.swift; sourceTree = "<group>"; };
/* End PBXFileReference section */

/* Begin PBXFrameworksBuildPhase section */
		5924E4FD234A8695007A3D93 /* Frameworks */ = {
			isa = PBXFrameworksBuildPhase;
			buildActionMask = 2147483647;
			files = (
			);
			runOnlyForDeploymentPostprocessing = 0;
		};
		59B0236523627737007C7367 /* Frameworks */ = {
			isa = PBXFrameworksBuildPhase;
			buildActionMask = 2147483647;
			files = (
			);
			runOnlyForDeploymentPostprocessing = 0;
		};
/* End PBXFrameworksBuildPhase section */

/* Begin PBXGroup section */
		5924E4F7234A8695007A3D93 = {
			isa = PBXGroup;
			children = (
				5924E502234A8695007A3D93 /* PopCorn */,
				59B0236923627737007C7367 /* PopCornTests */,
				5924E501234A8695007A3D93 /* Products */,
			);
			sourceTree = "<group>";
		};
		5924E501234A8695007A3D93 /* Products */ = {
			isa = PBXGroup;
			children = (
				5924E500234A8695007A3D93 /* PopCorn.app */,
				59B0236823627737007C7367 /* PopCornTests.xctest */,
			);
			name = Products;
			sourceTree = "<group>";
		};
		5924E502234A8695007A3D93 /* PopCorn */ = {
			isa = PBXGroup;
			children = (
				5924E511234A8697007A3D93 /* Info.plist */,
				5924E50C234A8697007A3D93 /* Assets.xcassets */,
				5924E50E234A8697007A3D93 /* LaunchScreen.storyboard */,
				5924E51E234A8DDE007A3D93 /* Application */,
				5924E518234A88D0007A3D93 /* Model */,
				5924E51B234A89AD007A3D93 /* Repository */,
				C3B01F8C253B77A90026BAF7 /* User Interface */,
				C3B01F89253B77520026BAF7 /* Shared */,
			);
			path = PopCorn;
			sourceTree = "<group>";
		};
		5924E518234A88D0007A3D93 /* Model */ = {
			isa = PBXGroup;
			children = (
				5924E51F234A8E6B007A3D93 /* Movie.swift */,
				59B023A02368F21B007C7367 /* ResponseList.swift */,
				599E10372371076700B08C09 /* TVShow.swift */,
				591DAB352378B47500FF0F48 /* MovieDetail.swift */,
				591DAB372378B4A300FF0F48 /* TVShowDetail.swift */,
				C3FBBAC4252299990039FD12 /* Credit.swift */,
				59353C2D25672E5000216F21 /* SeasonDetail.swift */,
				59353C312567326D00216F21 /* Crew.swift */,
				59353C35256732B400216F21 /* Cast.swift */,
				594C1FE82575A1B0009FE746 /* People.swift */,
			);
			path = Model;
			sourceTree = "<group>";
		};
		5924E51B234A89AD007A3D93 /* Repository */ = {
			isa = PBXGroup;
			children = (
				59D30C27236B97A5002D3A41 /* BaseRepository.swift */,
				59B0238323628C58007C7367 /* MovieRepository.swift */,
				59B0238923629246007C7367 /* TVShowRepository.swift */,
				594C1FE025756857009FE746 /* PeopleRepository.swift */,
			);
			path = Repository;
			sourceTree = "<group>";
		};
		5924E51D234A89F6007A3D93 /* Util */ = {
			isa = PBXGroup;
			children = (
				59B02372236277DB007C7367 /* Constants.swift */,
				59A8BDAF24F2C99600D3C85C /* TypeContent.swift */,
				59A8BDB124F2CA4D00D3C85C /* FilterContent.swift */,
				C330FF62253FE31600DED1B0 /* HomeTabBar.swift */,
				C3A173A4253FE93E00C6AF85 /* FilterTabBar.swift */,
				59353C192566B97D00216F21 /* ViewCodeComponent.swift */,
				59898BE32571408500626104 /* ErrorAlertUtil.swift */,
			);
			path = Util;
			sourceTree = "<group>";
		};
		5924E51E234A8DDE007A3D93 /* Application */ = {
			isa = PBXGroup;
			children = (
				5924E503234A8695007A3D93 /* AppDelegate.swift */,
				C330FF40253FC16F00DED1B0 /* AppCoordinator.swift */,
			);
			path = Application;
			sourceTree = "<group>";
		};
		5924E529234A9BAA007A3D93 /* Extension */ = {
			isa = PBXGroup;
			children = (
				59353C152566B5F100216F21 /* UIColorExtension.swift */,
				C373CA7125215F3900208E4C /* MovieDetailExtensions.swift */,
				C327BD9D252A6A250076000D /* TVShowDetailExtensions.swift */,
				C330FF30253FB86100DED1B0 /* UIStoryboardExtension.swift */,
				C330FF34253FB9E700DED1B0 /* UIViewControllerExtension.swift */,
			);
			path = Extension;
			sourceTree = "<group>";
		};
		5928D14A2368FE5000305383 /* Remote */ = {
			isa = PBXGroup;
			children = (
				5928D14B2369013B00305383 /* NetworkManagerTest.swift */,
			);
			path = Remote;
			sourceTree = "<group>";
		};
		592D526A25714961009F148B /* Episode Detail */ = {
			isa = PBXGroup;
			children = (
				592D526D2571498C009F148B /* Coordinator */,
				592D526C25714987009F148B /* View */,
				592D526B25714977009F148B /* ViewModel */,
			);
			path = "Episode Detail";
			sourceTree = "<group>";
		};
		592D526B25714977009F148B /* ViewModel */ = {
			isa = PBXGroup;
			children = (
				592D526E257149A2009F148B /* EpisodeDetailViewModel.swift */,
			);
			path = ViewModel;
			sourceTree = "<group>";
		};
		592D526C25714987009F148B /* View */ = {
			isa = PBXGroup;
			children = (
				592D52762571522E009F148B /* EpisodeDetailView.swift */,
				592D527A25715304009F148B /* EpisodeDetailViewController.swift */,
				591A54742572D4190098747E /* CrewAndGuestCollectionViewCell.swift */,
			);
			path = View;
			sourceTree = "<group>";
		};
		592D526D2571498C009F148B /* Coordinator */ = {
			isa = PBXGroup;
			children = (
				592D5272257150A5009F148B /* EpisodeDetailCoordinator.swift */,
			);
			path = Coordinator;
			sourceTree = "<group>";
		};
		594C1FC82575629D009FE746 /* People */ = {
			isa = PBXGroup;
			children = (
				594C1FCB257562D5009FE746 /* Coordinator */,
				594C1FCA257562BD009FE746 /* View */,
				594C1FC9257562B0009FE746 /* ViewModel */,
			);
			path = People;
			sourceTree = "<group>";
		};
		594C1FC9257562B0009FE746 /* ViewModel */ = {
			isa = PBXGroup;
			children = (
				594C1FD825756709009FE746 /* PeopleViewModel.swift */,
			);
			path = ViewModel;
			sourceTree = "<group>";
		};
		594C1FCA257562BD009FE746 /* View */ = {
			isa = PBXGroup;
			children = (
				594C1FD0257564D2009FE746 /* PeopleView.swift */,
				594C1FD4257565BB009FE746 /* PeopleViewController.swift */,
				594C1FF22579A8D2009FE746 /* FilmographyCollectionViewCell.swift */,
			);
			path = View;
			sourceTree = "<group>";
		};
		594C1FCB257562D5009FE746 /* Coordinator */ = {
			isa = PBXGroup;
			children = (
				594C1FCC25756347009FE746 /* PeopleCoordinator.swift */,
			);
			path = Coordinator;
			sourceTree = "<group>";
		};
		598F9E2925635C16001308EF /* Detail TV Show */ = {
			isa = PBXGroup;
			children = (
				598F9E2B25635C84001308EF /* View */,
				598F9E2A25635C52001308EF /* ViewModel */,
			);
			path = "Detail TV Show";
			sourceTree = "<group>";
		};
		598F9E2A25635C52001308EF /* ViewModel */ = {
			isa = PBXGroup;
			children = (
				598F9E2C25635CBF001308EF /* DetailTVShowViewModelTest.swift */,
				598F9E3425636AB3001308EF /* SeasonViewModelTest.swift */,
			);
			path = ViewModel;
			sourceTree = "<group>";
		};
		598F9E2B25635C84001308EF /* View */ = {
			isa = PBXGroup;
			children = (
			);
			path = View;
			sourceTree = "<group>";
		};
		59B0236923627737007C7367 /* PopCornTests */ = {
			isa = PBXGroup;
			children = (
				59B0236C23627737007C7367 /* Info.plist */,
				59B023952363E62E007C7367 /* Mock */,
				5928D14A2368FE5000305383 /* Remote */,
				59B023962363E64D007C7367 /* Repository */,
				C34ACF44254607A700A5691F /* User Interface */,
			);
			path = PopCornTests;
			sourceTree = "<group>";
		};
		59B0238D2363C592007C7367 /* Remote */ = {
			isa = PBXGroup;
			children = (
				59B0238E2363C678007C7367 /* NetworkManager.swift */,
				59B023922363D559007C7367 /* NetworkError.swift */,
				59D30C25236B93D7002D3A41 /* ImageService.swift */,
			);
			path = Remote;
			sourceTree = "<group>";
		};
		59B023952363E62E007C7367 /* Mock */ = {
			isa = PBXGroup;
			children = (
				C34ACF4C25460F1500A5691F /* FakeMovieRepository.swift */,
				C3BE3DFA2547B304007B823E /* FakeTVShowRepository.swift */,
				59B023982363E6CE007C7367 /* FakeMovieNetworkManager.swift */,
				C34ACF3E2546005400A5691F /* FakeTVShowNetworkManager.swift */,
				C34ACF342545E79200A5691F /* MovieList.json */,
			);
			path = Mock;
			sourceTree = "<group>";
		};
		59B023962363E64D007C7367 /* Repository */ = {
			isa = PBXGroup;
			children = (
				59B0239A2363EBF2007C7367 /* MovieRepositoryTest.swift */,
				C34ACF3A2545FF9500A5691F /* TVShowRepositoryTest.swift */,
			);
			path = Repository;
			sourceTree = "<group>";
		};
		C326FBBA253F9E390052AF7E /* Profile */ = {
			isa = PBXGroup;
			children = (
				C326FBBD253F9E720052AF7E /* Coordinator */,
				C326FBBB253F9E660052AF7E /* View */,
				C326FBBC253F9E6B0052AF7E /* ViewModel */,
			);
			path = Profile;
			sourceTree = "<group>";
		};
		C326FBBB253F9E660052AF7E /* View */ = {
			isa = PBXGroup;
			children = (
				C326FBBE253F9EA60052AF7E /* Profile.storyboard */,
				C326FBE4253FB3A30052AF7E /* ProfileViewController.swift */,
			);
			path = View;
			sourceTree = "<group>";
		};
		C326FBBC253F9E6B0052AF7E /* ViewModel */ = {
			isa = PBXGroup;
			children = (
				C326FBE8253FB3B50052AF7E /* ProfieViewModel.swift */,
			);
			path = ViewModel;
			sourceTree = "<group>";
		};
		C326FBBD253F9E720052AF7E /* Coordinator */ = {
			isa = PBXGroup;
			children = (
				C330FF44253FC5DD00DED1B0 /* ProfileCoordinator.swift */,
			);
			path = Coordinator;
			sourceTree = "<group>";
		};
		C34ACF44254607A700A5691F /* User Interface */ = {
			isa = PBXGroup;
			children = (
				598F9E2925635C16001308EF /* Detail TV Show */,
				C3BE3E0A2548E1F8007B823E /* Detail Movie */,
				C34ACF4525460B2D00A5691F /* Listing */,
			);
			path = "User Interface";
			sourceTree = "<group>";
		};
		C34ACF4525460B2D00A5691F /* Listing */ = {
			isa = PBXGroup;
			children = (
				C3BE3E012548E18F007B823E /* View */,
				C3BE3E002548E17C007B823E /* ViewModel */,
			);
			path = Listing;
			sourceTree = "<group>";
		};
		C37459ED2548F28B00FB853C /* View */ = {
			isa = PBXGroup;
			children = (
				C37459EE2548F2B200FB853C /* DetailMovieViewControllerTest.swift */,
			);
			path = View;
			sourceTree = "<group>";
		};
		C3A173A8253FF18800C6AF85 /* Season Detail */ = {
			isa = PBXGroup;
			children = (
				C3A173AB253FF1A500C6AF85 /* Coordinator */,
				C3A173AA253FF1A000C6AF85 /* View */,
				C3A173A9253FF19600C6AF85 /* ViewModel */,
			);
			path = "Season Detail";
			sourceTree = "<group>";
		};
		C3A173A9253FF19600C6AF85 /* ViewModel */ = {
			isa = PBXGroup;
			children = (
				C3A173B0253FF1DE00C6AF85 /* SeasonDetailViewModel.swift */,
				5937CB84256DFC4700CA6AFA /* EpisodeViewModel.swift */,
			);
			path = ViewModel;
			sourceTree = "<group>";
		};
		C3A173AA253FF1A000C6AF85 /* View */ = {
			isa = PBXGroup;
			children = (
				59353C292566C3FD00216F21 /* SeasonDetailView.swift */,
				C36729F62534F5940061BEDE /* SeasonDetailViewController.swift */,
				5937CB78256DC5C000CA6AFA /* EpisodeTableViewCell.swift */,
			);
			path = View;
			sourceTree = "<group>";
		};
		C3A173AB253FF1A500C6AF85 /* Coordinator */ = {
			isa = PBXGroup;
			children = (
				C3A173AC253FF1B900C6AF85 /* SeasonDetailCoordinator.swift */,
			);
			path = Coordinator;
			sourceTree = "<group>";
		};
		C3B01F89253B77520026BAF7 /* Shared */ = {
			isa = PBXGroup;
			children = (
				5924E529234A9BAA007A3D93 /* Extension */,
				5924E51D234A89F6007A3D93 /* Util */,
				59B0238D2363C592007C7367 /* Remote */,
				C3DF7FB72526BB8500D3C919 /* Custom Views */,
				C3B01F8A253B77630026BAF7 /* Protocol */,
			);
			path = Shared;
			sourceTree = "<group>";
		};
		C3B01F8A253B77630026BAF7 /* Protocol */ = {
			isa = PBXGroup;
			children = (
				59B0238123628C31007C7367 /* MovieRepositoryProtocol.swift */,
				59B02387236291EB007C7367 /* TVShowRepositoryProtocol.swift */,
				594C1FDC257567DB009FE746 /* PeopleRepositoryProtocol.swift */,
				C326FBE0253FB0970052AF7E /* Coordinator.swift */,
				59353C1D2566BE0000216F21 /* HasCodeView.swift */,
				59353C212566BE6F00216F21 /* CodeView.swift */,
			);
			path = Protocol;
			sourceTree = "<group>";
		};
		C3B01F8C253B77A90026BAF7 /* User Interface */ = {
			isa = PBXGroup;
			children = (
				C3B01FA5253B82130026BAF7 /* Listing Home */,
				C3B01FAA253B82690026BAF7 /* Detail Movie */,
				C3B01FA9253B82590026BAF7 /* Detail TV Show */,
				C3A173A8253FF18800C6AF85 /* Season Detail */,
				592D526A25714961009F148B /* Episode Detail */,
				594C1FC82575629D009FE746 /* People */,
				C326FBBA253F9E390052AF7E /* Profile */,
				C3B01FB1253B82E60026BAF7 /* Search */,
			);
			path = "User Interface";
			sourceTree = "<group>";
		};
		C3B01FA5253B82130026BAF7 /* Listing Home */ = {
			isa = PBXGroup;
			children = (
				C3B01FA8253B823E0026BAF7 /* Coordinator */,
				C3B01FA7253B82360026BAF7 /* View */,
				C3B01FA6253B822C0026BAF7 /* ViewModel */,
			);
			path = "Listing Home";
			sourceTree = "<group>";
		};
		C3B01FA6253B822C0026BAF7 /* ViewModel */ = {
			isa = PBXGroup;
			children = (
				C3E76C26253BD567000BA0DA /* MediaViewModel.swift */,
				C3B01FDC253B88A60026BAF7 /* ListingViewModel.swift */,
			);
			path = ViewModel;
			sourceTree = "<group>";
		};
		C3B01FA7253B82360026BAF7 /* View */ = {
			isa = PBXGroup;
			children = (
				C326FBDA253FAC0C0052AF7E /* Listing.storyboard */,
				59BE12A9236CDE1500E27427 /* MediaTableViewCell.swift */,
				59BE12A7236BA93B00E27427 /* ListingTableViewController.swift */,
			);
			path = View;
			sourceTree = "<group>";
		};
		C3B01FA8253B823E0026BAF7 /* Coordinator */ = {
			isa = PBXGroup;
			children = (
				C330FF56253FC65800DED1B0 /* ListingCoordinator.swift */,
			);
			path = Coordinator;
			sourceTree = "<group>";
		};
		C3B01FA9253B82590026BAF7 /* Detail TV Show */ = {
			isa = PBXGroup;
			children = (
				C3B01FAE253B82BB0026BAF7 /* Coordinator */,
				C3B01FB0253B82CE0026BAF7 /* View */,
				C3B01FAF253B82C40026BAF7 /* ViewModel */,
			);
			path = "Detail TV Show";
			sourceTree = "<group>";
		};
		C3B01FAA253B82690026BAF7 /* Detail Movie */ = {
			isa = PBXGroup;
			children = (
				C3B01FAB253B82760026BAF7 /* Coordinator */,
				C3B01FAD253B82A80026BAF7 /* View */,
				C3B01FAC253B829D0026BAF7 /* ViewModel */,
			);
			path = "Detail Movie";
			sourceTree = "<group>";
		};
		C3B01FAB253B82760026BAF7 /* Coordinator */ = {
			isa = PBXGroup;
			children = (
				C330FF4E253FC61D00DED1B0 /* DetailMovieCoordinator.swift */,
			);
			path = Coordinator;
			sourceTree = "<group>";
		};
		C3B01FAC253B829D0026BAF7 /* ViewModel */ = {
			isa = PBXGroup;
			children = (
				C3E76C1C253BD264000BA0DA /* DetailMovieViewModel.swift */,
				C326FBAC253E4F9F0052AF7E /* CreditViewModel.swift */,
				C326FBB0253E54360052AF7E /* SimilarMovieViewModel.swift */,
			);
			path = ViewModel;
			sourceTree = "<group>";
		};
		C3B01FAD253B82A80026BAF7 /* View */ = {
			isa = PBXGroup;
			children = (
				C326FBD0253FA0410052AF7E /* DetailMovie.storyboard */,
				C397C9402527E98F00D518DE /* SimilarMovieCollectionViewCell.swift */,
				C3FBBAC825229BC30039FD12 /* CreditCollectionViewCell.swift */,
				591DAB312374E9B800FF0F48 /* DetailMovieViewController.swift */,
			);
			path = View;
			sourceTree = "<group>";
		};
		C3B01FAE253B82BB0026BAF7 /* Coordinator */ = {
			isa = PBXGroup;
			children = (
				C330FF52253FC63900DED1B0 /* DetailTVShowCoordinator.swift */,
			);
			path = Coordinator;
			sourceTree = "<group>";
		};
		C3B01FAF253B82C40026BAF7 /* ViewModel */ = {
			isa = PBXGroup;
			children = (
				C3E76C20253BD2C8000BA0DA /* DetailTVShowViewModel.swift */,
				C326FBB6253E61FD0052AF7E /* SeasonViewModel.swift */,
			);
			path = ViewModel;
			sourceTree = "<group>";
		};
		C3B01FB0253B82CE0026BAF7 /* View */ = {
			isa = PBXGroup;
			children = (
				C326FBCC253FA00D0052AF7E /* DetailTVShow.storyboard */,
				591DAB332374E9D400FF0F48 /* DetailTVShowViewController.swift */,
				C327BD99252A657F0076000D /* SeasonTableViewCell.swift */,
			);
			path = View;
			sourceTree = "<group>";
		};
		C3B01FB1253B82E60026BAF7 /* Search */ = {
			isa = PBXGroup;
			children = (
				C3B01FB2253B82EC0026BAF7 /* Coordinator */,
				C3B01FB3253B82F10026BAF7 /* View */,
				C3B01FB4253B82F60026BAF7 /* ViewModel */,
			);
			path = Search;
			sourceTree = "<group>";
		};
		C3B01FB2253B82EC0026BAF7 /* Coordinator */ = {
			isa = PBXGroup;
			children = (
				C330FF4A253FC5FC00DED1B0 /* SearchCoordinator.swift */,
			);
			path = Coordinator;
			sourceTree = "<group>";
		};
		C3B01FB3253B82F10026BAF7 /* View */ = {
			isa = PBXGroup;
			children = (
				C326FBC4253F9EF70052AF7E /* Search.storyboard */,
				59BE12A4236BA26300E27427 /* SearchViewController.swift */,
			);
			path = View;
			sourceTree = "<group>";
		};
		C3B01FB4253B82F60026BAF7 /* ViewModel */ = {
			isa = PBXGroup;
			children = (
				C326FBEC253FB3D60052AF7E /* SearchViewModel.swift */,
			);
			path = ViewModel;
			sourceTree = "<group>";
		};
		C3BE3E002548E17C007B823E /* ViewModel */ = {
			isa = PBXGroup;
			children = (
				C3BE3DF62547B267007B823E /* MediaViewModelTest.swift */,
				C34ACF4625460B4A00A5691F /* ListingViewModelTest.swift */,
			);
			path = ViewModel;
			sourceTree = "<group>";
		};
		C3BE3E012548E18F007B823E /* View */ = {
			isa = PBXGroup;
			children = (
				C3BE3DD025478C96007B823E /* ListingTableViewControllerTest.swift */,
			);
			path = View;
			sourceTree = "<group>";
		};
		C3BE3E0A2548E1F8007B823E /* Detail Movie */ = {
			isa = PBXGroup;
			children = (
				C37459ED2548F28B00FB853C /* View */,
				C3BE3E0B2548E21E007B823E /* ViewModel */,
			);
			path = "Detail Movie";
			sourceTree = "<group>";
		};
		C3BE3E0B2548E21E007B823E /* ViewModel */ = {
			isa = PBXGroup;
			children = (
				C3BE3E0C2548E23A007B823E /* DetailMovieViewModelTest.swift */,
				C3BE3E122548EAD7007B823E /* CreditViewModelTest.swift */,
				C3BE3E162548F03B007B823E /* SimilarMovieViewModelTest.swift */,
			);
			path = ViewModel;
			sourceTree = "<group>";
		};
		C3DF7FB72526BB8500D3C919 /* Custom Views */ = {
			isa = PBXGroup;
			children = (
				C3DF7FB82526BBB500D3C919 /* CircleImageView.swift */,
				594C1FE425759EB6009FE746 /* LoadingView.swift */,
			);
			path = "Custom Views";
			sourceTree = "<group>";
		};
/* End PBXGroup section */

/* Begin PBXNativeTarget section */
		5924E4FF234A8695007A3D93 /* PopCorn */ = {
			isa = PBXNativeTarget;
			buildConfigurationList = 5924E514234A8697007A3D93 /* Build configuration list for PBXNativeTarget "PopCorn" */;
			buildPhases = (
				5924E4FC234A8695007A3D93 /* Sources */,
				5924E4FD234A8695007A3D93 /* Frameworks */,
				5924E4FE234A8695007A3D93 /* Resources */,
			);
			buildRules = (
			);
			dependencies = (
			);
			name = PopCorn;
			productName = PopCorn;
			productReference = 5924E500234A8695007A3D93 /* PopCorn.app */;
			productType = "com.apple.product-type.application";
		};
		59B0236723627737007C7367 /* PopCornTests */ = {
			isa = PBXNativeTarget;
			buildConfigurationList = 59B0237123627737007C7367 /* Build configuration list for PBXNativeTarget "PopCornTests" */;
			buildPhases = (
				59B0236423627737007C7367 /* Sources */,
				59B0236523627737007C7367 /* Frameworks */,
				59B0236623627737007C7367 /* Resources */,
			);
			buildRules = (
			);
			dependencies = (
				59B0236E23627737007C7367 /* PBXTargetDependency */,
			);
			name = PopCornTests;
			productName = PopCornTests;
			productReference = 59B0236823627737007C7367 /* PopCornTests.xctest */;
			productType = "com.apple.product-type.bundle.unit-test";
		};
/* End PBXNativeTarget section */

/* Begin PBXProject section */
		5924E4F8234A8695007A3D93 /* Project object */ = {
			isa = PBXProject;
			attributes = {
				LastSwiftUpdateCheck = 1110;
				LastUpgradeCheck = 1200;
				ORGANIZATIONNAME = "Valmir Torres";
				TargetAttributes = {
					5924E4FF234A8695007A3D93 = {
						CreatedOnToolsVersion = 11.0;
					};
					59B0236723627737007C7367 = {
						CreatedOnToolsVersion = 11.1;
						TestTargetID = 5924E4FF234A8695007A3D93;
					};
				};
			};
			buildConfigurationList = 5924E4FB234A8695007A3D93 /* Build configuration list for PBXProject "PopCorn" */;
			compatibilityVersion = "Xcode 9.3";
			developmentRegion = en;
			hasScannedForEncodings = 0;
			knownRegions = (
				en,
				Base,
			);
			mainGroup = 5924E4F7234A8695007A3D93;
			productRefGroup = 5924E501234A8695007A3D93 /* Products */;
			projectDirPath = "";
			projectRoot = "";
			targets = (
				5924E4FF234A8695007A3D93 /* PopCorn */,
				59B0236723627737007C7367 /* PopCornTests */,
			);
		};
/* End PBXProject section */

/* Begin PBXResourcesBuildPhase section */
		5924E4FE234A8695007A3D93 /* Resources */ = {
			isa = PBXResourcesBuildPhase;
			buildActionMask = 2147483647;
			files = (
				C326FBD1253FA0410052AF7E /* DetailMovie.storyboard in Resources */,
				5924E510234A8697007A3D93 /* LaunchScreen.storyboard in Resources */,
				C326FBDB253FAC0C0052AF7E /* Listing.storyboard in Resources */,
				5924E50D234A8697007A3D93 /* Assets.xcassets in Resources */,
				C326FBBF253F9EA60052AF7E /* Profile.storyboard in Resources */,
				C326FBC5253F9EF70052AF7E /* Search.storyboard in Resources */,
				C326FBCD253FA00D0052AF7E /* DetailTVShow.storyboard in Resources */,
			);
			runOnlyForDeploymentPostprocessing = 0;
		};
		59B0236623627737007C7367 /* Resources */ = {
			isa = PBXResourcesBuildPhase;
			buildActionMask = 2147483647;
			files = (
				C34ACF352545E79200A5691F /* MovieList.json in Resources */,
			);
			runOnlyForDeploymentPostprocessing = 0;
		};
/* End PBXResourcesBuildPhase section */

/* Begin PBXSourcesBuildPhase section */
		5924E4FC234A8695007A3D93 /* Sources */ = {
			isa = PBXSourcesBuildPhase;
			buildActionMask = 2147483647;
			files = (
				C330FF53253FC63900DED1B0 /* DetailTVShowCoordinator.swift in Sources */,
				592D52772571522E009F148B /* EpisodeDetailView.swift in Sources */,
				59B0238223628C31007C7367 /* MovieRepositoryProtocol.swift in Sources */,
				C397C9412527E98F00D518DE /* SimilarMovieCollectionViewCell.swift in Sources */,
				C3A173A5253FE93E00C6AF85 /* FilterTabBar.swift in Sources */,
				592D527B25715304009F148B /* EpisodeDetailViewController.swift in Sources */,
				594C1FDD257567DB009FE746 /* PeopleRepositoryProtocol.swift in Sources */,
				C330FF41253FC16F00DED1B0 /* AppCoordinator.swift in Sources */,
				C330FF45253FC5DD00DED1B0 /* ProfileCoordinator.swift in Sources */,
				59B02373236277DB007C7367 /* Constants.swift in Sources */,
				59A8BDB024F2C99600D3C85C /* TypeContent.swift in Sources */,
				C326FBED253FB3D60052AF7E /* SearchViewModel.swift in Sources */,
				5937CB79256DC5C000CA6AFA /* EpisodeTableViewCell.swift in Sources */,
				59A8BDB224F2CA4D00D3C85C /* FilterContent.swift in Sources */,
				C326FBAD253E4F9F0052AF7E /* CreditViewModel.swift in Sources */,
				591A54752572D4190098747E /* CrewAndGuestCollectionViewCell.swift in Sources */,
				591DAB322374E9B800FF0F48 /* DetailMovieViewController.swift in Sources */,
				594C1FE525759EB6009FE746 /* LoadingView.swift in Sources */,
				59B0238F2363C678007C7367 /* NetworkManager.swift in Sources */,
				59B023932363D559007C7367 /* NetworkError.swift in Sources */,
				59353C322567326D00216F21 /* Crew.swift in Sources */,
				5937CB85256DFC4700CA6AFA /* EpisodeViewModel.swift in Sources */,
				C330FF57253FC65800DED1B0 /* ListingCoordinator.swift in Sources */,
				59898BE42571408500626104 /* ErrorAlertUtil.swift in Sources */,
				591DAB342374E9D400FF0F48 /* DetailTVShowViewController.swift in Sources */,
				C326FBB7253E61FD0052AF7E /* SeasonViewModel.swift in Sources */,
				C36729F72534F5940061BEDE /* SeasonDetailViewController.swift in Sources */,
				C3FBBAC5252299990039FD12 /* Credit.swift in Sources */,
				591DAB382378B4A300FF0F48 /* TVShowDetail.swift in Sources */,
				5924E504234A8695007A3D93 /* AppDelegate.swift in Sources */,
				594C1FF32579A8D2009FE746 /* FilmographyCollectionViewCell.swift in Sources */,
				5924E520234A8E6B007A3D93 /* Movie.swift in Sources */,
				C330FF63253FE31600DED1B0 /* HomeTabBar.swift in Sources */,
				C330FF35253FB9E700DED1B0 /* UIViewControllerExtension.swift in Sources */,
				59BE12A8236BA93B00E27427 /* ListingTableViewController.swift in Sources */,
				592D526F257149A2009F148B /* EpisodeDetailViewModel.swift in Sources */,
				C326FBE1253FB0970052AF7E /* Coordinator.swift in Sources */,
				C326FBB1253E54360052AF7E /* SimilarMovieViewModel.swift in Sources */,
				59B023A12368F21B007C7367 /* ResponseList.swift in Sources */,
				592D5273257150A5009F148B /* EpisodeDetailCoordinator.swift in Sources */,
				C3A173AD253FF1B900C6AF85 /* SeasonDetailCoordinator.swift in Sources */,
				C327BD9A252A657F0076000D /* SeasonTableViewCell.swift in Sources */,
				C3E76C27253BD567000BA0DA /* MediaViewModel.swift in Sources */,
				C330FF31253FB86100DED1B0 /* UIStoryboardExtension.swift in Sources */,
				594C1FD5257565BB009FE746 /* PeopleViewController.swift in Sources */,
				59353C2E25672E5000216F21 /* SeasonDetail.swift in Sources */,
				599E10382371076700B08C09 /* TVShow.swift in Sources */,
				C3E76C1D253BD264000BA0DA /* DetailMovieViewModel.swift in Sources */,
				59BE12A5236BA26300E27427 /* SearchViewController.swift in Sources */,
				C327BD9E252A6A250076000D /* TVShowDetailExtensions.swift in Sources */,
				594C1FD925756709009FE746 /* PeopleViewModel.swift in Sources */,
				C3FBBAC925229BC30039FD12 /* CreditCollectionViewCell.swift in Sources */,
				59BE12AA236CDE1500E27427 /* MediaTableViewCell.swift in Sources */,
				C3DF7FB92526BBB500D3C919 /* CircleImageView.swift in Sources */,
				C326FBE9253FB3B50052AF7E /* ProfieViewModel.swift in Sources */,
				C330FF4B253FC5FC00DED1B0 /* SearchCoordinator.swift in Sources */,
				59353C162566B5F100216F21 /* UIColorExtension.swift in Sources */,
				59D30C28236B97A5002D3A41 /* BaseRepository.swift in Sources */,
				C3E76C21253BD2C8000BA0DA /* DetailTVShowViewModel.swift in Sources */,
				594C1FD1257564D2009FE746 /* PeopleView.swift in Sources */,
				C373CA7225215F3900208E4C /* MovieDetailExtensions.swift in Sources */,
				594C1FCD25756347009FE746 /* PeopleCoordinator.swift in Sources */,
				59353C222566BE6F00216F21 /* CodeView.swift in Sources */,
				594C1FE92575A1B0009FE746 /* People.swift in Sources */,
				59D30C26236B93D7002D3A41 /* ImageService.swift in Sources */,
				591DAB362378B47500FF0F48 /* MovieDetail.swift in Sources */,
				C3B01FDD253B88A60026BAF7 /* ListingViewModel.swift in Sources */,
				C330FF4F253FC61D00DED1B0 /* DetailMovieCoordinator.swift in Sources */,
				59353C2A2566C3FD00216F21 /* SeasonDetailView.swift in Sources */,
				59B0238423628C58007C7367 /* MovieRepository.swift in Sources */,
				594C1FE125756857009FE746 /* PeopleRepository.swift in Sources */,
				C326FBE5253FB3A30052AF7E /* ProfileViewController.swift in Sources */,
				59B0238A23629246007C7367 /* TVShowRepository.swift in Sources */,
				59B02388236291EB007C7367 /* TVShowRepositoryProtocol.swift in Sources */,
				59353C36256732B400216F21 /* Cast.swift in Sources */,
				59353C1A2566B97D00216F21 /* ViewCodeComponent.swift in Sources */,
				59353C1E2566BE0000216F21 /* HasCodeView.swift in Sources */,
				C3A173B1253FF1DE00C6AF85 /* SeasonDetailViewModel.swift in Sources */,
			);
			runOnlyForDeploymentPostprocessing = 0;
		};
		59B0236423627737007C7367 /* Sources */ = {
			isa = PBXSourcesBuildPhase;
			buildActionMask = 2147483647;
			files = (
				C3BE3DD125478C96007B823E /* ListingTableViewControllerTest.swift in Sources */,
				C34ACF3B2545FF9500A5691F /* TVShowRepositoryTest.swift in Sources */,
				C3BE3E0D2548E23A007B823E /* DetailMovieViewModelTest.swift in Sources */,
				5928D14C2369013B00305383 /* NetworkManagerTest.swift in Sources */,
				C3BE3E172548F03B007B823E /* SimilarMovieViewModelTest.swift in Sources */,
				C3BE3DE72547A24C007B823E /* FakeMovieRepository.swift in Sources */,
				C3BE3DF72547B267007B823E /* MediaViewModelTest.swift in Sources */,
				59B023992363E6CE007C7367 /* FakeMovieNetworkManager.swift in Sources */,
				59B0239B2363EBF2007C7367 /* MovieRepositoryTest.swift in Sources */,
				598F9E3525636AB3001308EF /* SeasonViewModelTest.swift in Sources */,
				C3BE3DFB2547B304007B823E /* FakeTVShowRepository.swift in Sources */,
				C34ACF3F2546005400A5691F /* FakeTVShowNetworkManager.swift in Sources */,
				C34ACF4725460B4A00A5691F /* ListingViewModelTest.swift in Sources */,
				C37459EF2548F2B200FB853C /* DetailMovieViewControllerTest.swift in Sources */,
				598F9E2D25635CBF001308EF /* DetailTVShowViewModelTest.swift in Sources */,
				C3BE3E132548EAD7007B823E /* CreditViewModelTest.swift in Sources */,
			);
			runOnlyForDeploymentPostprocessing = 0;
		};
/* End PBXSourcesBuildPhase section */

/* Begin PBXTargetDependency section */
		59B0236E23627737007C7367 /* PBXTargetDependency */ = {
			isa = PBXTargetDependency;
			target = 5924E4FF234A8695007A3D93 /* PopCorn */;
			targetProxy = 59B0236D23627737007C7367 /* PBXContainerItemProxy */;
		};
/* End PBXTargetDependency section */

/* Begin PBXVariantGroup section */
		5924E50E234A8697007A3D93 /* LaunchScreen.storyboard */ = {
			isa = PBXVariantGroup;
			children = (
				5924E50F234A8697007A3D93 /* Base */,
			);
			name = LaunchScreen.storyboard;
			sourceTree = "<group>";
		};
/* End PBXVariantGroup section */

/* Begin XCBuildConfiguration section */
		5924E512234A8697007A3D93 /* Debug */ = {
			isa = XCBuildConfiguration;
			buildSettings = {
				ALWAYS_SEARCH_USER_PATHS = NO;
				CLANG_ANALYZER_NONNULL = YES;
				CLANG_ANALYZER_NUMBER_OBJECT_CONVERSION = YES_AGGRESSIVE;
				CLANG_CXX_LANGUAGE_STANDARD = "gnu++14";
				CLANG_CXX_LIBRARY = "libc++";
				CLANG_ENABLE_MODULES = YES;
				CLANG_ENABLE_OBJC_ARC = YES;
				CLANG_ENABLE_OBJC_WEAK = YES;
				CLANG_WARN_BLOCK_CAPTURE_AUTORELEASING = YES;
				CLANG_WARN_BOOL_CONVERSION = YES;
				CLANG_WARN_COMMA = YES;
				CLANG_WARN_CONSTANT_CONVERSION = YES;
				CLANG_WARN_DEPRECATED_OBJC_IMPLEMENTATIONS = YES;
				CLANG_WARN_DIRECT_OBJC_ISA_USAGE = YES_ERROR;
				CLANG_WARN_DOCUMENTATION_COMMENTS = YES;
				CLANG_WARN_EMPTY_BODY = YES;
				CLANG_WARN_ENUM_CONVERSION = YES;
				CLANG_WARN_INFINITE_RECURSION = YES;
				CLANG_WARN_INT_CONVERSION = YES;
				CLANG_WARN_NON_LITERAL_NULL_CONVERSION = YES;
				CLANG_WARN_OBJC_IMPLICIT_RETAIN_SELF = YES;
				CLANG_WARN_OBJC_LITERAL_CONVERSION = YES;
				CLANG_WARN_OBJC_ROOT_CLASS = YES_ERROR;
				CLANG_WARN_QUOTED_INCLUDE_IN_FRAMEWORK_HEADER = YES;
				CLANG_WARN_RANGE_LOOP_ANALYSIS = YES;
				CLANG_WARN_STRICT_PROTOTYPES = YES;
				CLANG_WARN_SUSPICIOUS_MOVE = YES;
				CLANG_WARN_UNGUARDED_AVAILABILITY = YES_AGGRESSIVE;
				CLANG_WARN_UNREACHABLE_CODE = YES;
				CLANG_WARN__DUPLICATE_METHOD_MATCH = YES;
				COPY_PHASE_STRIP = NO;
				DEBUG_INFORMATION_FORMAT = dwarf;
				ENABLE_STRICT_OBJC_MSGSEND = YES;
				ENABLE_TESTABILITY = YES;
				GCC_C_LANGUAGE_STANDARD = gnu11;
				GCC_DYNAMIC_NO_PIC = NO;
				GCC_NO_COMMON_BLOCKS = YES;
				GCC_OPTIMIZATION_LEVEL = 0;
				GCC_PREPROCESSOR_DEFINITIONS = (
					"DEBUG=1",
					"$(inherited)",
				);
				GCC_WARN_64_TO_32_BIT_CONVERSION = YES;
				GCC_WARN_ABOUT_RETURN_TYPE = YES_ERROR;
				GCC_WARN_UNDECLARED_SELECTOR = YES;
				GCC_WARN_UNINITIALIZED_AUTOS = YES_AGGRESSIVE;
				GCC_WARN_UNUSED_FUNCTION = YES;
				GCC_WARN_UNUSED_VARIABLE = YES;
				IPHONEOS_DEPLOYMENT_TARGET = 13.0;
				MTL_ENABLE_DEBUG_INFO = INCLUDE_SOURCE;
				MTL_FAST_MATH = YES;
				ONLY_ACTIVE_ARCH = YES;
				SDKROOT = iphoneos;
				SWIFT_ACTIVE_COMPILATION_CONDITIONS = DEBUG;
				SWIFT_OPTIMIZATION_LEVEL = "-Onone";
			};
			name = Debug;
		};
		5924E513234A8697007A3D93 /* Release */ = {
			isa = XCBuildConfiguration;
			buildSettings = {
				ALWAYS_SEARCH_USER_PATHS = NO;
				CLANG_ANALYZER_NONNULL = YES;
				CLANG_ANALYZER_NUMBER_OBJECT_CONVERSION = YES_AGGRESSIVE;
				CLANG_CXX_LANGUAGE_STANDARD = "gnu++14";
				CLANG_CXX_LIBRARY = "libc++";
				CLANG_ENABLE_MODULES = YES;
				CLANG_ENABLE_OBJC_ARC = YES;
				CLANG_ENABLE_OBJC_WEAK = YES;
				CLANG_WARN_BLOCK_CAPTURE_AUTORELEASING = YES;
				CLANG_WARN_BOOL_CONVERSION = YES;
				CLANG_WARN_COMMA = YES;
				CLANG_WARN_CONSTANT_CONVERSION = YES;
				CLANG_WARN_DEPRECATED_OBJC_IMPLEMENTATIONS = YES;
				CLANG_WARN_DIRECT_OBJC_ISA_USAGE = YES_ERROR;
				CLANG_WARN_DOCUMENTATION_COMMENTS = YES;
				CLANG_WARN_EMPTY_BODY = YES;
				CLANG_WARN_ENUM_CONVERSION = YES;
				CLANG_WARN_INFINITE_RECURSION = YES;
				CLANG_WARN_INT_CONVERSION = YES;
				CLANG_WARN_NON_LITERAL_NULL_CONVERSION = YES;
				CLANG_WARN_OBJC_IMPLICIT_RETAIN_SELF = YES;
				CLANG_WARN_OBJC_LITERAL_CONVERSION = YES;
				CLANG_WARN_OBJC_ROOT_CLASS = YES_ERROR;
				CLANG_WARN_QUOTED_INCLUDE_IN_FRAMEWORK_HEADER = YES;
				CLANG_WARN_RANGE_LOOP_ANALYSIS = YES;
				CLANG_WARN_STRICT_PROTOTYPES = YES;
				CLANG_WARN_SUSPICIOUS_MOVE = YES;
				CLANG_WARN_UNGUARDED_AVAILABILITY = YES_AGGRESSIVE;
				CLANG_WARN_UNREACHABLE_CODE = YES;
				CLANG_WARN__DUPLICATE_METHOD_MATCH = YES;
				COPY_PHASE_STRIP = NO;
				DEBUG_INFORMATION_FORMAT = "dwarf-with-dsym";
				ENABLE_NS_ASSERTIONS = NO;
				ENABLE_STRICT_OBJC_MSGSEND = YES;
				GCC_C_LANGUAGE_STANDARD = gnu11;
				GCC_NO_COMMON_BLOCKS = YES;
				GCC_WARN_64_TO_32_BIT_CONVERSION = YES;
				GCC_WARN_ABOUT_RETURN_TYPE = YES_ERROR;
				GCC_WARN_UNDECLARED_SELECTOR = YES;
				GCC_WARN_UNINITIALIZED_AUTOS = YES_AGGRESSIVE;
				GCC_WARN_UNUSED_FUNCTION = YES;
				GCC_WARN_UNUSED_VARIABLE = YES;
				IPHONEOS_DEPLOYMENT_TARGET = 13.0;
				MTL_ENABLE_DEBUG_INFO = NO;
				MTL_FAST_MATH = YES;
				SDKROOT = iphoneos;
				SWIFT_COMPILATION_MODE = wholemodule;
				SWIFT_OPTIMIZATION_LEVEL = "-O";
				VALIDATE_PRODUCT = YES;
			};
			name = Release;
		};
		5924E515234A8697007A3D93 /* Debug */ = {
			isa = XCBuildConfiguration;
			buildSettings = {
				ASSETCATALOG_COMPILER_APPICON_NAME = AppIcon;
				CODE_SIGN_STYLE = Automatic;
				DEVELOPMENT_TEAM = S7TYYXV76U;
				INFOPLIST_FILE = PopCorn/Info.plist;
				LD_RUNPATH_SEARCH_PATHS = (
					"$(inherited)",
					"@executable_path/Frameworks",
				);
				PRODUCT_BUNDLE_IDENTIFIER = br.dev.valmirt.PopCorn;
				PRODUCT_NAME = "$(TARGET_NAME)";
				SWIFT_VERSION = 5.0;
				TARGETED_DEVICE_FAMILY = 1;
			};
			name = Debug;
		};
		5924E516234A8697007A3D93 /* Release */ = {
			isa = XCBuildConfiguration;
			buildSettings = {
				ASSETCATALOG_COMPILER_APPICON_NAME = AppIcon;
				CODE_SIGN_STYLE = Automatic;
				DEVELOPMENT_TEAM = S7TYYXV76U;
				INFOPLIST_FILE = PopCorn/Info.plist;
				LD_RUNPATH_SEARCH_PATHS = (
					"$(inherited)",
					"@executable_path/Frameworks",
				);
				PRODUCT_BUNDLE_IDENTIFIER = br.dev.valmirt.PopCorn;
				PRODUCT_NAME = "$(TARGET_NAME)";
				SWIFT_VERSION = 5.0;
				TARGETED_DEVICE_FAMILY = 1;
			};
			name = Release;
		};
		59B0236F23627737007C7367 /* Debug */ = {
			isa = XCBuildConfiguration;
			buildSettings = {
				BUNDLE_LOADER = "$(TEST_HOST)";
				CODE_SIGN_STYLE = Automatic;
				DEVELOPMENT_TEAM = S7TYYXV76U;
				INFOPLIST_FILE = PopCornTests/Info.plist;
				IPHONEOS_DEPLOYMENT_TARGET = 13.0;
				LD_RUNPATH_SEARCH_PATHS = (
					"$(inherited)",
					"@executable_path/Frameworks",
					"@loader_path/Frameworks",
				);
				PRODUCT_BUNDLE_IDENTIFIER = br.dev.valmirt.PopCornTests;
				PRODUCT_NAME = "$(TARGET_NAME)";
				SWIFT_VERSION = 5.0;
				TARGETED_DEVICE_FAMILY = "1,2";
				TEST_HOST = "$(BUILT_PRODUCTS_DIR)/PopCorn.app/PopCorn";
			};
			name = Debug;
		};
		59B0237023627737007C7367 /* Release */ = {
			isa = XCBuildConfiguration;
			buildSettings = {
				BUNDLE_LOADER = "$(TEST_HOST)";
				CODE_SIGN_STYLE = Automatic;
				DEVELOPMENT_TEAM = S7TYYXV76U;
				INFOPLIST_FILE = PopCornTests/Info.plist;
				IPHONEOS_DEPLOYMENT_TARGET = 13.0;
				LD_RUNPATH_SEARCH_PATHS = (
					"$(inherited)",
					"@executable_path/Frameworks",
					"@loader_path/Frameworks",
				);
				PRODUCT_BUNDLE_IDENTIFIER = br.dev.valmirt.PopCornTests;
				PRODUCT_NAME = "$(TARGET_NAME)";
				SWIFT_VERSION = 5.0;
				TARGETED_DEVICE_FAMILY = "1,2";
				TEST_HOST = "$(BUILT_PRODUCTS_DIR)/PopCorn.app/PopCorn";
			};
			name = Release;
		};
/* End XCBuildConfiguration section */

/* Begin XCConfigurationList section */
		5924E4FB234A8695007A3D93 /* Build configuration list for PBXProject "PopCorn" */ = {
			isa = XCConfigurationList;
			buildConfigurations = (
				5924E512234A8697007A3D93 /* Debug */,
				5924E513234A8697007A3D93 /* Release */,
			);
			defaultConfigurationIsVisible = 0;
			defaultConfigurationName = Release;
		};
		5924E514234A8697007A3D93 /* Build configuration list for PBXNativeTarget "PopCorn" */ = {
			isa = XCConfigurationList;
			buildConfigurations = (
				5924E515234A8697007A3D93 /* Debug */,
				5924E516234A8697007A3D93 /* Release */,
			);
			defaultConfigurationIsVisible = 0;
			defaultConfigurationName = Release;
		};
		59B0237123627737007C7367 /* Build configuration list for PBXNativeTarget "PopCornTests" */ = {
			isa = XCConfigurationList;
			buildConfigurations = (
				59B0236F23627737007C7367 /* Debug */,
				59B0237023627737007C7367 /* Release */,
			);
			defaultConfigurationIsVisible = 0;
			defaultConfigurationName = Release;
		};
/* End XCConfigurationList section */
	};
	rootObject = 5924E4F8234A8695007A3D93 /* Project object */;
}
